
Microsoft Visual Studio Solution File, Format Version 12.00
# Visual Studio Version 16
VisualStudioVersion = 16.0.30711.63
MinimumVisualStudioVersion = 10.0.40219.1
Project("{FAE04EC0-301F-11D3-BF4B-00C04F79EFBC}") = "MBDEVproCOREwebAPI", "MBDEVproCOREwebAPI\MBDEVproCOREwebAPI.csproj", "{9C673A09-06B4-47FE-B31B-E42EDE015646}"
EndProject
Global
	GlobalSection(SolutionConfigurationPlatforms) = preSolution
		Debug|Any CPU = Debug|Any CPU
		Release|Any CPU = Release|Any CPU
	EndGlobalSection
	GlobalSection(ProjectConfigurationPlatforms) = postSolution
		{9C673A09-06B4-47FE-B31B-E42EDE015646}.Debug|Any CPU.ActiveCfg = Debug|Any CPU
		{9C673A09-06B4-47FE-B31B-E42EDE015646}.Debug|Any CPU.Build.0 = Debug|Any CPU
		{9C673A09-06B4-47FE-B31B-E42EDE015646}.Release|Any CPU.ActiveCfg = Release|Any CPU
		{9C673A09-06B4-47FE-B31B-E42EDE015646}.Release|Any CPU.Build.0 = Release|Any CPU
	EndGlobalSection
	GlobalSection(SolutionProperties) = preSolution
		HideSolutionNode = FALSE
	EndGlobalSection
	GlobalSection(ExtensibilityGlobals) = postSolution
		SolutionGuid = {CA8690A3-EB14-4824-A0D1-9E50494DC44C}
	EndGlobalSection
EndGlobal
